github.com/albenik/go-serial/v2 v2.6.1 h1:AhVjPVegSa/loFUmaIPNdhbeL/+6b+pCNgeCJ9CT7W8=
github.com/albenik/go-serial/v2 v2.6.1/go.mod h1:sqQA6eeZHKUB6rAgrBsP/8d3Go5Md5cjCof1WcyaK0o=
github.com/buger/goterm v1.0.4 h1:Z9YvGmOih81P0FbVtEYTFF6YsSgxSUKEhf/f9bTMXbY=
github.com/buger/goterm v1.0.4/go.mod h1:HiFWV3xnkolgrBV3mY8m0X0Pumt4zg4QhbdOzQtB8tE=
github.com/creack/goselect v0.1.2 h1:2DNy14+JPjRBgPzAd1thbQp4BSIihxcBf0IXhQXDRa0=
github.com/creack/goselect v0.1.2/go.mod h1:a/NhLweNvqIYMuxcMOuWY516Cimucms3DglDzQP3hKY=
github.com/davecgh/go-spew v1.1.0/go.mod h1:J7Y8YcW2NihsgmVo/mv3lAwl/skON4iLHjSsI+c5H38=
github.com/davecgh/go-spew v1.1.1 h1:vj9j/u1bqnvCEfJOwUhtlOARqs3+rkHYY13jYWTU97c=
github.com/davecgh/go-spew v1.1.1/go.mod h1:J7Y8YcW2NihsgmVo/mv3lAwl/skON4iLHjSsI+c5H38=
github.com/guptarohit/asciigraph v0.7.1 h1:K+JWbRc04XEfv8BSZgNuvhCmpbvX4+9NYd/UxXVnAuk=
github.com/guptarohit/asciigraph v0.7.1/go.mod h1:dYl5wwK4gNsnFf9Zp+l06rFiDZ5YtXM6x7SRWZ3KGag=
github.com/kr/pty v1.1.1/go.mod h1:pFQYn66WHrOpPYNljwOMqo10TkYh1fy3cYio2l3bCsQ=
github.com/kr/text v0.1.0/go.mod h1:4Jbv+DJW3UT/LiOwJeYQe1efqtUx/iVham/4vfdArNI=
github.com/niemeyer/pretty v0.0.0-20200227124842-a10e7caefd8e/go.mod h1:zD1mROLANZcx1PVRCS0qkT7pwLkGfwJo4zjcN/Tysno=
github.com/pmezard/go-difflib v1.0.0 h1:4DBwDE0NGyQoBHbLQYPwSUPoCMWR5BEzIk/f1lZbAQM=
github.com/pmezard/go-difflib v1.0.0/go.mod h1:iKH77koFhYxTK1pcRnkKkqfTogsbg7gZNVY4sRDYZ/4=
github.com/stretchr/objx v0.1.0/go.mod h1:HFkY916IF+rwdDfMAkV7OtwuqBVzrE8GR6GFx+wExME=
github.com/stretchr/testify v1.4.0/go.mod h1:j7eGeouHqKxXV5pUuKE4zz7dFj8WfuZ+81PSLYec5m4=
github.com/stretchr/testify v1.7.1 h1:5TQK59W5E3v0r2duFAb7P95B6hEeOyEnHRa8MjYSMTY=
github.com/stretchr/testify v1.7.1/go.mod h1:6Fq8oRcR53rry900zMqJjRRixrwX3KX962/h/Wwjteg=
github.com/vishvananda/netlink v1.1.0 h1:1iyaYNBLmP6L0220aDnYQpo1QEV4t4hJ+xEEhhJH8j0=
github.com/vishvananda/netlink v1.1.0/go.mod h1:cTgwzPIzzgDAYoQrMm0EdrjRUBkTqKYppBueQtXaqoE=
github.com/vishvananda/netns v0.0.0-20191106174202-0a2b9b5464df h1:OviZH7qLw/7ZovXvuNyL3XQl8UFofeikI1NW1Gypu7k=
github.com/vishvananda/netns v0.0.0-20191106174202-0a2b9b5464df/go.mod h1:JP3t17pCcGlemwknint6hfoeCVQrEMVwxRLRjXpq+BU=
github.com/warthog618/sms v0.3.0 h1:LYAb5ngmu2qjNExgji3B7xi2tIZ9+DsuE9pC5xs4wwc=
github.com/warthog618/sms v0.3.0/go.mod h1:+bYZGeBxu003sxD5xhzsrIPBAjPBzTABsRTwSpd7ld4=
go.uber.org/atomic v1.10.0 h1:9qC72Qh0+3MqyJbAn8YU5xVq1frD8bn3JtD2oXtafVQ=
go.uber.org/atomic v1.10.0/go.mod h1:LUxbIzbOniOlMKjJjyPfpl4v+PKK2cNJn91OQbhoJI0=
go.uber.org/multierr v1.9.0 h1:7fIwc/ZtS0q++VgcfqFDxSBZVv/Xo49/SYnDFupUwlI=
go.uber.org/multierr v1.9.0/go.mod h1:X2jQV1h+kxSjClGpnseKVIxpmcjrj7MNnI0bnlfKTVQ=
golang.org/x/sys v0.0.0-20190606203320-7fc4e5ec1444/go.mod h1:h1NjWce9XRLGQEsW7wpKNCjG9DtNlClVuFLEZdDNbEs=
golang.org/x/sys v0.0.0-20210331175145-43e1dd70ce54/go.mod h1:h1NjWce9XRLGQEsW7wpKNCjG9DtNlClVuFLEZdDNbEs=
golang.org/x/sys v0.5.0 h1:MUK/U/4lj1t1oPg0HfuXDN/Z1wv31ZJ/YcPiGccS4DU=
golang.org/x/sys v0.5.0/go.mod h1:oPkhp1MJrh7nUepCBck5+mAzfO9JrbApNNgaTdGDITg=
gopkg.in/check.v1 v0.0.0-20161208181325-20d25e280405/go.mod h1:Co6ibVJAznAaIkqp8huTwlJQCZ016jof/cbN4VW5Yz0=
gopkg.in/check.v1 v1.0.0-20200227125254-8fa46927fb4f/go.mod h1:Co6ibVJAznAaIkqp8huTwlJQCZ016jof/cbN4VW5Yz0=
gopkg.in/yaml.v2 v2.2.2/go.mod h1:hI93XBmqTisBFMUTm0b8Fm+jr3Dg1NNxqwp+5A1VGuI=
gopkg.in/yaml.v2 v2.2.8/go.mod h1:hI93XBmqTisBFMUTm0b8Fm+jr3Dg1NNxqwp+5A1VGuI=
gopkg.in/yaml.v3 v3.0.1 h1:fxVm/GzAzEWqLHuvctI91KS9hhNmmWOoWu0XTYJS7CA=
gopkg.in/yaml.v3 v3.0.1/go.mod h1:K4uyk7z7BCEPqu6E+C64Yfv1cQ7kz7rIZviUmN+EgEM=
